github.com/caarlos0/env/v11 v11.1.0 h1:a5qZqieE9ZfzdvbbdhTalRrHT5vu/4V1/ad1Ka6frhI=
github.com/caarlos0/env/v11 v11.1.0/go.mod h1:LwgkYk1kDvfGpHthrWWLof3Ny7PezzFwS4QrsJdHTMo=
github.com/dstotijn/go-notion v0.11.0 h1:v+ZUiyKd+UBk1SRkUSa86QOU5DP8ziSI4E7NFIS4rRU=
github.com/dstotijn/go-notion v0.11.0/go.mod h1:FWfmGRnE8Drm6CnNQQO7slXcu1lrKmRY2KfFgeq6Z2g=
github.com/google/go-cmp v0.5.5 h1:Khx7svrCpmxxtHBq5j2mp/xVjsi8hQMfNLvJFAlrGgU=
golang.org/x/xerrors v0.0.0-20240716161551-93cc26a95ae9 h1:LLhsEBxRTBLuKlQxFBYUOU8xyFgXv6cOTp2HASDlsDk=
golang.org/x/xerrors v0.0.0-20240716161551-93cc26a95ae9/go.mod h1:NDW/Ps6MPRej6fsCIbMTohpP40sJ/P/vI1MoTEGwX90=
